github.com/sirupsen/logrus v1.0.5 h1:8c8b5uO0zS4X6RPl/sd1ENwSkIc0/H2PaHxE3udaE8I=
github.com/sirupsen/logrus v1.0.5/go.mod h1:pMByvHTf9Beacp5x1UXfOR9xyW/9antXMhjMPG0dEzc=
github.com/urfave/cli v1.20.0 h1:fDqGv3UG/4jbVl/QkFwEdddtEDjh/5Ov6X+0B/3bPaw=
github.com/urfave/cli v1.20.0/go.mod h1:70zkFmudgCuE/ngEzBv17Jvp/497gISqfk5gWijbERA=
golang.org/x/crypto v0.0.0-20180426230345-b49d69b5da94 h1:m5xBqfQdnzv6XuV/pJizrLOwUoGzyn1J249cA0cKL4o=
golang.org/x/crypto v0.0.0-20180426230345-b49d69b5da94/go.mod h1:6SG95UA2DQfeDnfUPMdvaQW0Q7yPrPDi9nlGo2tz2b4=
golang.org/x/sys v0.0.0-20180425194835-bb9c189858d9 h1:+wWbjU2lIhyVuf3l5jcSMKOCokMwx1eP/lpVWk1Ox0M=
golang.org/x/sys v0.0.0-20180425194835-bb9c189858d9/go.mod h1:STP8DvDyc/dI5b8T5hshtkjS+E42TnysNCUPdjciGhY=
